
Microsoft Visual Studio Solution File, Format Version 12.00
# Visual Studio Version 17
VisualStudioVersion = 17.14.37614.0
MinimumVisualStudioVersion = 10.0.40219.1
Project("{2150E333-8FDC-42A3-9474-1A3956D46DE8}") = "Task0", "Task0", "{02EA681E-C7D8-13C7-8484-4AC65E1B71E8}"
EndProject
Project("{FAE04EC0-301F-11D3-BF4B-00C04F79EFBC}") = "Tyuiu.SysoevaEA.Sprint1.Task0.V15", "Tyuiu.SysoevaEA.Sprint1.Task0.V15\Tyuiu.SysoevaEA.Sprint1.Task0.V15.csproj", "{6DC10F2B-B221-40E8-BF77-62CAC0B5FC45}"
EndProject
Project("{FAE04EC0-301F-11D3-BF4B-00C04F79EFBC}") = "Tyuiu.SysoevaEA.Sprint1.Task0.V15.Test", "Tyuiu.SysoevaEA.Sprint1.Task0.V15.Test\Tyuiu.SysoevaEA.Sprint1.Task0.V15.Test.csproj", "{40159A91-0BA9-4423-9772-25B7738B4F08}"
EndProject
Project("{FAE04EC0-301F-11D3-BF4B-00C04F79EFBC}") = "Tyuiu.SysoevaEA.Sprint1.Task0.V15.Lib", "Tyuiu.SysoevaEA.Sprint1.Task0.V15.Lib\Tyuiu.SysoevaEA.Sprint1.Task0.V15.Lib.csproj", "{56F633A0-62F0-400C-BF03-067FF3E44B5B}"
EndProject
Project("{2150E333-8FDC-42A3-9474-1A3956D46DE8}") = "Task1", "Task1", "{123F404E-A7F6-43D7-BB51-9D49CAA3F674}"
EndProject
Project("{FAE04EC0-301F-11D3-BF4B-00C04F79EFBC}") = "Tyuiu.SysoevaEA.Sprint1.Task1.V2", "Tyuiu.SysoevaEA.Sprint1.Task1.V2\Tyuiu.SysoevaEA.Sprint1.Task1.V2.csproj", "{9747D684-2973-4169-8C3B-88C3C9212BF8}"
EndProject
Project("{FAE04EC0-301F-11D3-BF4B-00C04F79EFBC}") = "Tyuiu.SysoevaEA.Sprint1.Task1.V2.Test", "Tyuiu.SysoevaEA.Sprint1.Task1.V2.Test\Tyuiu.SysoevaEA.Sprint1.Task1.V2.Test.csproj", "{86777A4D-5CCD-4B78-81E2-39C8BE0BE0C3}"
EndProject
Project("{FAE04EC0-301F-11D3-BF4B-00C04F79EFBC}") = "Tyuiu.SysoevaEA.Sprint1.Task1.V2.Lib", "Tyuiu.SysoevaEA.Sprint1.Task1.V2.Lib\Tyuiu.SysoevaEA.Sprint1.Task1.V2.Lib.csproj", "{6AF04D72-2D63-47DD-9C79-443E6179746A}"
EndProject
Project("{2150E333-8FDC-42A3-9474-1A3956D46DE8}") = "Task2", "Task2", "{F4374475-667A-4B7B-854B-7D5EA17682C3}"
EndProject
Project("{FAE04EC0-301F-11D3-BF4B-00C04F79EFBC}") = "Tyuiu.SysoevaEA.Sprint1.Task2.V3.Test", "Tyuiu.SysoevaEA.Sprint1.Task2.V3.Test\Tyuiu.SysoevaEA.Sprint1.Task2.V3.Test.csproj", "{83263272-5194-4D94-89F3-06BD7E59B83D}"
EndProject
Project("{FAE04EC0-301F-11D3-BF4B-00C04F79EFBC}") = "Tyuiu.SysoevaEA.Sprint1.Task2.V3.Lib", "Tyuiu.SysoevaEA.Sprint1.Task2.V3.Lib\Tyuiu.SysoevaEA.Sprint1.Task2.V3.Lib.csproj", "{E801182E-D0E7-418B-A13B-67AB540255CA}"
EndProject
Project("{FAE04EC0-301F-11D3-BF4B-00C04F79EFBC}") = "Tyuiu.SysoevaEA.Sprint1.Task2.V3", "Tyuiu.SysoevaEA.Sprint1.Task2.V3\Tyuiu.SysoevaEA.Sprint1.Task2.V3.csproj", "{8399DD83-145C-4AB3-8B2B-8BDC993913EB}"
EndProject
Project("{2150E333-8FDC-42A3-9474-1A3956D46DE8}") = "Task3", "Task3", "{C4669234-2F5F-40FD-B784-6F144EB5B54B}"
EndProject
Project("{FAE04EC0-301F-11D3-BF4B-00C04F79EFBC}") = "Tyuiu.SysoevaEA.Sprint1.Task3.V16", "Tyuiu.SysoevaEA.Sprint1.Task3.V16\Tyuiu.SysoevaEA.Sprint1.Task3.V16.csproj", "{C6A82882-A45C-4D77-B3D3-0D66CD8D8FB8}"
EndProject
Project("{FAE04EC0-301F-11D3-BF4B-00C04F79EFBC}") = "Tyuiu.SysoevaEA.Sprint1.Task3.V16.Lib", "Tyuiu.SysoevaEA.Sprint1.Task3.V16.Lib\Tyuiu.SysoevaEA.Sprint1.Task3.V16.Lib.csproj", "{C215C937-4FFC-4F21-8F6C-72725A53C587}"
EndProject
Project("{FAE04EC0-301F-11D3-BF4B-00C04F79EFBC}") = "Tyuiu.SysoevaEA.Sprint1.Task3.V16.Test", "Tyuiu.SysoevaEA.Sprint1.Task3.V16.Test\Tyuiu.SysoevaEA.Sprint1.Task3.V16.Test.csproj", "{CA8A3E81-2B4E-4D6B-A825-F85813BA3A1F}"
EndProject
Global
	GlobalSection(SolutionConfigurationPlatforms) = preSolution
		Debug|Any CPU = Debug|Any CPU
		Release|Any CPU = Release|Any CPU
	EndGlobalSection
	GlobalSection(ProjectConfigurationPlatforms) = postSolution
		{6DC10F2B-B221-40E8-BF77-62CAC0B5FC45}.Debug|Any CPU.ActiveCfg = Debug|Any CPU
		{6DC10F2B-B221-40E8-BF77-62CAC0B5FC45}.Debug|Any CPU.Build.0 = Debug|Any CPU
		{6DC10F2B-B221-40E8-BF77-62CAC0B5FC45}.Release|Any CPU.ActiveCfg = Release|Any CPU
		{6DC10F2B-B221-40E8-BF77-62CAC0B5FC45}.Release|Any CPU.Build.0 = Release|Any CPU
		{40159A91-0BA9-4423-9772-25B7738B4F08}.Debug|Any CPU.ActiveCfg = Debug|Any CPU
		{40159A91-0BA9-4423-9772-25B7738B4F08}.Debug|Any CPU.Build.0 = Debug|Any CPU
		{40159A91-0BA9-4423-9772-25B7738B4F08}.Release|Any CPU.ActiveCfg = Release|Any CPU
		{40159A91-0BA9-4423-9772-25B7738B4F08}.Release|Any CPU.Build.0 = Release|Any CPU
		{56F633A0-62F0-400C-BF03-067FF3E44B5B}.Debug|Any CPU.ActiveCfg = Debug|Any CPU
		{56F633A0-62F0-400C-BF03-067FF3E44B5B}.Debug|Any CPU.Build.0 = Debug|Any CPU
		{56F633A0-62F0-400C-BF03-067FF3E44B5B}.Release|Any CPU.ActiveCfg = Release|Any CPU
		{56F633A0-62F0-400C-BF03-067FF3E44B5B}.Release|Any CPU.Build.0 = Release|Any CPU
		{9747D684-2973-4169-8C3B-88C3C9212BF8}.Debug|Any CPU.ActiveCfg = Debug|Any CPU
		{9747D684-2973-4169-8C3B-88C3C9212BF8}.Debug|Any CPU.Build.0 = Debug|Any CPU
		{9747D684-2973-4169-8C3B-88C3C9212BF8}.Release|Any CPU.ActiveCfg = Release|Any CPU
		{9747D684-2973-4169-8C3B-88C3C9212BF8}.Release|Any CPU.Build.0 = Release|Any CPU
		{86777A4D-5CCD-4B78-81E2-39C8BE0BE0C3}.Debug|Any CPU.ActiveCfg = Debug|Any CPU
		{86777A4D-5CCD-4B78-81E2-39C8BE0BE0C3}.Debug|Any CPU.Build.0 = Debug|Any CPU
		{86777A4D-5CCD-4B78-81E2-39C8BE0BE0C3}.Release|Any CPU.ActiveCfg = Release|Any CPU
		{86777A4D-5CCD-4B78-81E2-39C8BE0BE0C3}.Release|Any CPU.Build.0 = Release|Any CPU
		{6AF04D72-2D63-47DD-9C79-443E6179746A}.Debug|Any CPU.ActiveCfg = Debug|Any CPU
		{6AF04D72-2D63-47DD-9C79-443E6179746A}.Debug|Any CPU.Build.0 = Debug|Any CPU
		{6AF04D72-2D63-47DD-9C79-443E6179746A}.Release|Any CPU.ActiveCfg = Release|Any CPU
		{6AF04D72-2D63-47DD-9C79-443E6179746A}.Release|Any CPU.Build.0 = Release|Any CPU
		{83263272-5194-4D94-89F3-06BD7E59B83D}.Debug|Any CPU.ActiveCfg = Debug|Any CPU
		{83263272-5194-4D94-89F3-06BD7E59B83D}.Debug|Any CPU.Build.0 = Debug|Any CPU
		{83263272-5194-4D94-89F3-06BD7E59B83D}.Release|Any CPU.ActiveCfg = Release|Any CPU
		{83263272-5194-4D94-89F3-06BD7E59B83D}.Release|Any CPU.Build.0 = Release|Any CPU
		{E801182E-D0E7-418B-A13B-67AB540255CA}.Debug|Any CPU.ActiveCfg = Debug|Any CPU
		{E801182E-D0E7-418B-A13B-67AB540255CA}.Debug|Any CPU.Build.0 = Debug|Any CPU
		{E801182E-D0E7-418B-A13B-67AB540255CA}.Release|Any CPU.ActiveCfg = Release|Any CPU
		{E801182E-D0E7-418B-A13B-67AB540255CA}.Release|Any CPU.Build.0 = Release|Any CPU
		{8399DD83-145C-4AB3-8B2B-8BDC993913EB}.Debug|Any CPU.ActiveCfg = Debug|Any CPU
		{8399DD83-145C-4AB3-8B2B-8BDC993913EB}.Debug|Any CPU.Build.0 = Debug|Any CPU
		{8399DD83-145C-4AB3-8B2B-8BDC993913EB}.Release|Any CPU.ActiveCfg = Release|Any CPU
		{8399DD83-145C-4AB3-8B2B-8BDC993913EB}.Release|Any CPU.Build.0 = Release|Any CPU
		{C6A82882-A45C-4D77-B3D3-0D66CD8D8FB8}.Debug|Any CPU.ActiveCfg = Debug|Any CPU
		{C6A82882-A45C-4D77-B3D3-0D66CD8D8FB8}.Debug|Any CPU.Build.0 = Debug|Any CPU
		{C6A82882-A45C-4D77-B3D3-0D66CD8D8FB8}.Release|Any CPU.ActiveCfg = Release|Any CPU
		{C6A82882-A45C-4D77-B3D3-0D66CD8D8FB8}.Release|Any CPU.Build.0 = Release|Any CPU
		{C215C937-4FFC-4F21-8F6C-72725A53C587}.Debug|Any CPU.ActiveCfg = Debug|Any CPU
		{C215C937-4FFC-4F21-8F6C-72725A53C587}.Debug|Any CPU.Build.0 = Debug|Any CPU
		{C215C937-4FFC-4F21-8F6C-72725A53C587}.Release|Any CPU.ActiveCfg = Release|Any CPU
		{C215C937-4FFC-4F21-8F6C-72725A53C587}.Release|Any CPU.Build.0 = Release|Any CPU
		{CA8A3E81-2B4E-4D6B-A825-F85813BA3A1F}.Debug|Any CPU.ActiveCfg = Debug|Any CPU
		{CA8A3E81-2B4E-4D6B-A825-F85813BA3A1F}.Debug|Any CPU.Build.0 = Debug|Any CPU
		{CA8A3E81-2B4E-4D6B-A825-F85813BA3A1F}.Release|Any CPU.ActiveCfg = Release|Any CPU
		{CA8A3E81-2B4E-4D6B-A825-F85813BA3A1F}.Release|Any CPU.Build.0 = Release|Any CPU
	EndGlobalSection
	GlobalSection(SolutionProperties) = preSolution
		HideSolutionNode = FALSE
	EndGlobalSection
	GlobalSection(NestedProjects) = preSolution
		{6DC10F2B-B221-40E8-BF77-62CAC0B5FC45} = {02EA681E-C7D8-13C7-8484-4AC65E1B71E8}
		{40159A91-0BA9-4423-9772-25B7738B4F08} = {02EA681E-C7D8-13C7-8484-4AC65E1B71E8}
		{56F633A0-62F0-400C-BF03-067FF3E44B5B} = {02EA681E-C7D8-13C7-8484-4AC65E1B71E8}
		{9747D684-2973-4169-8C3B-88C3C9212BF8} = {123F404E-A7F6-43D7-BB51-9D49CAA3F674}
		{86777A4D-5CCD-4B78-81E2-39C8BE0BE0C3} = {123F404E-A7F6-43D7-BB51-9D49CAA3F674}
		{6AF04D72-2D63-47DD-9C79-443E6179746A} = {123F404E-A7F6-43D7-BB51-9D49CAA3F674}
		{83263272-5194-4D94-89F3-06BD7E59B83D} = {F4374475-667A-4B7B-854B-7D5EA17682C3}
		{E801182E-D0E7-418B-A13B-67AB540255CA} = {F4374475-667A-4B7B-854B-7D5EA17682C3}
		{8399DD83-145C-4AB3-8B2B-8BDC993913EB} = {F4374475-667A-4B7B-854B-7D5EA17682C3}
		{C6A82882-A45C-4D77-B3D3-0D66CD8D8FB8} = {C4669234-2F5F-40FD-B784-6F144EB5B54B}
		{C215C937-4FFC-4F21-8F6C-72725A53C587} = {C4669234-2F5F-40FD-B784-6F144EB5B54B}
		{CA8A3E81-2B4E-4D6B-A825-F85813BA3A1F} = {C4669234-2F5F-40FD-B784-6F144EB5B54B}
	EndGlobalSection
	GlobalSection(ExtensibilityGlobals) = postSolution
		SolutionGuid = {BD4397CA-ADBB-4531-8A2E-C798FDB38836}
	EndGlobalSection
EndGlobal
